
Microsoft Visual Studio Solution File, Format Version 12.00
# Visual Studio Version 16
VisualStudioVersion = 16.0.31911.196
MinimumVisualStudioVersion = 10.0.40219.1
Project("{9A19103F-16F7-4668-BE54-9A1E7A4F7556}") = "Creature.Console", "Creature.Console\Creature.Console.csproj", "{711E0935-F3AD-45BB-BD97-575EB8155777}"
EndProject
Project("{FAE04EC0-301F-11D3-BF4B-00C04F79EFBC}") = "Creature.Data", "Creature.Data\Creature.Data.csproj", "{90B5B7EC-8AF7-44D6-BEB1-A725E3879048}"
EndProject
Project("{FAE04EC0-301F-11D3-BF4B-00C04F79EFBC}") = "Creature.Builder", "Creature.Builder\Creature.Builder.csproj", "{7444600C-24B4-49B1-86CB-0FBFB47E7E98}"
EndProject
Global
	GlobalSection(SolutionConfigurationPlatforms) = preSolution
		Debug|Any CPU = Debug|Any CPU
		Release|Any CPU = Release|Any CPU
	EndGlobalSection
	GlobalSection(ProjectConfigurationPlatforms) = postSolution
		{711E0935-F3AD-45BB-BD97-575EB8155777}.Debug|Any CPU.ActiveCfg = Debug|Any CPU
		{711E0935-F3AD-45BB-BD97-575EB8155777}.Debug|Any CPU.Build.0 = Debug|Any CPU
		{711E0935-F3AD-45BB-BD97-575EB8155777}.Release|Any CPU.ActiveCfg = Release|Any CPU
		{711E0935-F3AD-45BB-BD97-575EB8155777}.Release|Any CPU.Build.0 = Release|Any CPU
		{90B5B7EC-8AF7-44D6-BEB1-A725E3879048}.Debug|Any CPU.ActiveCfg = Debug|Any CPU
		{90B5B7EC-8AF7-44D6-BEB1-A725E3879048}.Debug|Any CPU.Build.0 = Debug|Any CPU
		{90B5B7EC-8AF7-44D6-BEB1-A725E3879048}.Release|Any CPU.ActiveCfg = Release|Any CPU
		{90B5B7EC-8AF7-44D6-BEB1-A725E3879048}.Release|Any CPU.Build.0 = Release|Any CPU
		{7444600C-24B4-49B1-86CB-0FBFB47E7E98}.Debug|Any CPU.ActiveCfg = Debug|Any CPU
		{7444600C-24B4-49B1-86CB-0FBFB47E7E98}.Debug|Any CPU.Build.0 = Debug|Any CPU
		{7444600C-24B4-49B1-86CB-0FBFB47E7E98}.Release|Any CPU.ActiveCfg = Release|Any CPU
		{7444600C-24B4-49B1-86CB-0FBFB47E7E98}.Release|Any CPU.Build.0 = Release|Any CPU
	EndGlobalSection
	GlobalSection(SolutionProperties) = preSolution
		HideSolutionNode = FALSE
	EndGlobalSection
	GlobalSection(ExtensibilityGlobals) = postSolution
		SolutionGuid = {8733FCA1-F77C-4169-A362-247C6619F390}
	EndGlobalSection
EndGlobal
